
Microsoft Visual Studio Solution File, Format Version 12.00
# Visual Studio 2013
VisualStudioVersion = 12.0.30723.0
MinimumVisualStudioVersion = 10.0.40219.1
Project("{FAE04EC0-301F-11D3-BF4B-00C04F79EFBC}") = "ChatApplicaiton", "ChatApplicaiton\ChatApplicaiton.csproj", "{4490C53D-9E2C-4C35-AB49-6F31AA69E331}"
EndProject
Project("{FAE04EC0-301F-11D3-BF4B-00C04F79EFBC}") = "ChatServer", "ChatServer\ChatServer.csproj", "{C255D1C8-5415-43DB-93E0-B13A44541272}"
EndProject
Project("{FAE04EC0-301F-11D3-BF4B-00C04F79EFBC}") = "ChatLibrary", "ChatLibrary\ChatLibrary.csproj", "{1C01492D-2F59-4932-9561-BDFE225032E5}"
EndProject
Global
	GlobalSection(SolutionConfigurationPlatforms) = preSolution
		Debug|Any CPU = Debug|Any CPU
		Release|Any CPU = Release|Any CPU
	EndGlobalSection
	GlobalSection(ProjectConfigurationPlatforms) = postSolution
		{4490C53D-9E2C-4C35-AB49-6F31AA69E331}.Debug|Any CPU.ActiveCfg = Debug|Any CPU
		{4490C53D-9E2C-4C35-AB49-6F31AA69E331}.Debug|Any CPU.Build.0 = Debug|Any CPU
		{4490C53D-9E2C-4C35-AB49-6F31AA69E331}.Release|Any CPU.ActiveCfg = Release|Any CPU
		{4490C53D-9E2C-4C35-AB49-6F31AA69E331}.Release|Any CPU.Build.0 = Release|Any CPU
		{C255D1C8-5415-43DB-93E0-B13A44541272}.Debug|Any CPU.ActiveCfg = Debug|Any CPU
		{C255D1C8-5415-43DB-93E0-B13A44541272}.Debug|Any CPU.Build.0 = Debug|Any CPU
		{C255D1C8-5415-43DB-93E0-B13A44541272}.Release|Any CPU.ActiveCfg = Release|Any CPU
		{C255D1C8-5415-43DB-93E0-B13A44541272}.Release|Any CPU.Build.0 = Release|Any CPU
		{1C01492D-2F59-4932-9561-BDFE225032E5}.Debug|Any CPU.ActiveCfg = Debug|Any CPU
		{1C01492D-2F59-4932-9561-BDFE225032E5}.Debug|Any CPU.Build.0 = Debug|Any CPU
		{1C01492D-2F59-4932-9561-BDFE225032E5}.Release|Any CPU.ActiveCfg = Release|Any CPU
		{1C01492D-2F59-4932-9561-BDFE225032E5}.Release|Any CPU.Build.0 = Release|Any CPU
	EndGlobalSection
	GlobalSection(SolutionProperties) = preSolution
		HideSolutionNode = FALSE
	EndGlobalSection
EndGlobal
